
Microsoft Visual Studio Solution File, Format Version 12.00
# Visual Studio Version 16
VisualStudioVersion = 16.0.29613.14
MinimumVisualStudioVersion = 10.0.40219.1
Project("{2150E333-8FDC-42A3-9474-1A3956D46DE8}") = "src", "src", "{28E6903B-2FBE-4D2E-A64D-6470180E3DAB}"
EndProject
Project("{FAE04EC0-301F-11D3-BF4B-00C04F79EFBC}") = "Patcher.App", "src\Patcher.App\Patcher.App.csproj", "{9DA7FAD3-EF4C-46C2-A31F-AA8E64BC1933}"
EndProject
Global
	GlobalSection(SolutionConfigurationPlatforms) = preSolution
		Debug|Any CPU = Debug|Any CPU
		Release|Any CPU = Release|Any CPU
	EndGlobalSection
	GlobalSection(ProjectConfigurationPlatforms) = postSolution
		{9DA7FAD3-EF4C-46C2-A31F-AA8E64BC1933}.Debug|Any CPU.ActiveCfg = Debug|Any CPU
		{9DA7FAD3-EF4C-46C2-A31F-AA8E64BC1933}.Debug|Any CPU.Build.0 = Debug|Any CPU
		{9DA7FAD3-EF4C-46C2-A31F-AA8E64BC1933}.Release|Any CPU.ActiveCfg = Release|Any CPU
		{9DA7FAD3-EF4C-46C2-A31F-AA8E64BC1933}.Release|Any CPU.Build.0 = Release|Any CPU
	EndGlobalSection
	GlobalSection(SolutionProperties) = preSolution
		HideSolutionNode = FALSE
	EndGlobalSection
	GlobalSection(NestedProjects) = preSolution
		{9DA7FAD3-EF4C-46C2-A31F-AA8E64BC1933} = {28E6903B-2FBE-4D2E-A64D-6470180E3DAB}
	EndGlobalSection
	GlobalSection(ExtensibilityGlobals) = postSolution
		SolutionGuid = {C6936F4D-1CCA-462A-866D-E22F4D0114CA}
	EndGlobalSection
EndGlobal
